# THIS IS AN AUTOGENERATED FILE. DO NOT EDIT THIS FILE DIRECTLY.
# yarn lockfile v1


jquerry@^0.0.1-security:
  version "0.0.1-security"
  resolved "https://registry.yarnpkg.com/jquerry/-/jquerry-0.0.1-security.tgz#79cd20163981275f7de6984f6f5ce7b79b107264"
  integrity sha512-6/x0OFGLte1tqTnInZ0foNjR/hCsNnfkNg7T1vxiCKSLObPbSF4EoswifsUdHiXBvQ/F60uILQGlfvjT0x3NSg==
